
Microsoft Visual Studio Solution File, Format Version 12.00
# Visual Studio Version 17
VisualStudioVersion = 17.4.33213.308
MinimumVisualStudioVersion = 10.0.40219.1
Project("{E24C65DC-7377-472B-9ABA-BC803B73C61A}") = "crudopration1", "crudopration1\", "{C49152FF-9329-4D59-9C08-247569775993}"
	ProjectSection(WebsiteProperties) = preProject
		TargetFrameworkMoniker = ".NETFramework,Version%3Dv4.7.2"
		Debug.AspNetCompiler.VirtualPath = "/localhost_53544"
		Debug.AspNetCompiler.PhysicalPath = "crudopration1\"
		Debug.AspNetCompiler.TargetPath = "PrecompiledWeb\localhost_53544\"
		Debug.AspNetCompiler.Updateable = "true"
		Debug.AspNetCompiler.ForceOverwrite = "true"
		Debug.AspNetCompiler.FixedNames = "false"
		Debug.AspNetCompiler.Debug = "True"
		Release.AspNetCompiler.VirtualPath = "/localhost_53544"
		Release.AspNetCompiler.PhysicalPath = "crudopration1\"
		Release.AspNetCompiler.TargetPath = "PrecompiledWeb\localhost_53544\"
		Release.AspNetCompiler.Updateable = "true"
		Release.AspNetCompiler.ForceOverwrite = "true"
		Release.AspNetCompiler.FixedNames = "false"
		Release.AspNetCompiler.Debug = "False"
		VWDPort = "53544"
		SlnRelativePath = "crudopration1\"
		DefaultWebSiteLanguage = "Visual C#"
	EndProjectSection
EndProject
Global
	GlobalSection(SolutionConfigurationPlatforms) = preSolution
		Debug|Any CPU = Debug|Any CPU
	EndGlobalSection
	GlobalSection(ProjectConfigurationPlatforms) = postSolution
		{C49152FF-9329-4D59-9C08-247569775993}.Debug|Any CPU.ActiveCfg = Debug|Any CPU
		{C49152FF-9329-4D59-9C08-247569775993}.Debug|Any CPU.Build.0 = Debug|Any CPU
	EndGlobalSection
	GlobalSection(SolutionProperties) = preSolution
		HideSolutionNode = FALSE
	EndGlobalSection
	GlobalSection(ExtensibilityGlobals) = postSolution
		SolutionGuid = {F3B655F5-8596-4B7D-BA49-E666D8B958B4}
	EndGlobalSection
EndGlobal
